
Microsoft Visual Studio Solution File, Format Version 12.00
Project("{2150E333-8FDC-42A3-9474-1A3956D46DE8}") = "core", "core", "{F013406A-27D4-465B-9ADD-A222728DE9E7}"
EndProject
Project("{2150E333-8FDC-42A3-9474-1A3956D46DE8}") = "infrastructure", "infrastructure", "{F2BAACAA-FB16-435C-AC61-604496929262}"
EndProject
Project("{2150E333-8FDC-42A3-9474-1A3956D46DE8}") = "presentation", "presentation", "{A3BAB651-5FC9-4465-A539-E51EE48AE86F}"
EndProject
Project("{FAE04EC0-301F-11D3-BF4B-00C04F79EFBC}") = "ecobony.webapi", "presentation\ecobony.webapi\ecobony.webapi.csproj", "{E1309E25-2670-484B-851B-28DFBD6A1D77}"
EndProject
Project("{FAE04EC0-301F-11D3-BF4B-00C04F79EFBC}") = "ecobony.signair", "infrastructure\ecobony.signair\ecobony.signair.csproj", "{031A1FB9-F1A9-4DDD-B59C-E514A346827B}"
EndProject
Project("{FAE04EC0-301F-11D3-BF4B-00C04F79EFBC}") = "ecobony.application", "core\ecobony.application\ecobony.application.csproj", "{71438DB4-D731-4A49-A06E-3371D360498E}"
EndProject
Project("{FAE04EC0-301F-11D3-BF4B-00C04F79EFBC}") = "ecobony.domain", "core\ecobony.domain\ecobony.domain.csproj", "{3D8D5A64-4027-4BCC-93EA-169AB03C53D0}"
EndProject
Project("{FAE04EC0-301F-11D3-BF4B-00C04F79EFBC}") = "ecobony.infrastructure", "infrastructure\ecobony.infrastructure\ecobony.infrastructure.csproj", "{900F3B74-7582-42D6-A712-FD44550CE85C}"
EndProject
Project("{FAE04EC0-301F-11D3-BF4B-00C04F79EFBC}") = "ecobony.persistence", "infrastructure\ecobony.persistence\ecobony.persistence.csproj", "{40EB8AEA-5711-4328-936E-8EB751093AFE}"
EndProject
Global
	GlobalSection(SolutionConfigurationPlatforms) = preSolution
		Debug|Any CPU = Debug|Any CPU
		Release|Any CPU = Release|Any CPU
	EndGlobalSection
	GlobalSection(ProjectConfigurationPlatforms) = postSolution
		{E1309E25-2670-484B-851B-28DFBD6A1D77}.Debug|Any CPU.ActiveCfg = Debug|Any CPU
		{E1309E25-2670-484B-851B-28DFBD6A1D77}.Debug|Any CPU.Build.0 = Debug|Any CPU
		{E1309E25-2670-484B-851B-28DFBD6A1D77}.Release|Any CPU.ActiveCfg = Release|Any CPU
		{E1309E25-2670-484B-851B-28DFBD6A1D77}.Release|Any CPU.Build.0 = Release|Any CPU
		{031A1FB9-F1A9-4DDD-B59C-E514A346827B}.Debug|Any CPU.ActiveCfg = Debug|Any CPU
		{031A1FB9-F1A9-4DDD-B59C-E514A346827B}.Debug|Any CPU.Build.0 = Debug|Any CPU
		{031A1FB9-F1A9-4DDD-B59C-E514A346827B}.Release|Any CPU.ActiveCfg = Release|Any CPU
		{031A1FB9-F1A9-4DDD-B59C-E514A346827B}.Release|Any CPU.Build.0 = Release|Any CPU
		{71438DB4-D731-4A49-A06E-3371D360498E}.Debug|Any CPU.ActiveCfg = Debug|Any CPU
		{71438DB4-D731-4A49-A06E-3371D360498E}.Debug|Any CPU.Build.0 = Debug|Any CPU
		{71438DB4-D731-4A49-A06E-3371D360498E}.Release|Any CPU.ActiveCfg = Release|Any CPU
		{71438DB4-D731-4A49-A06E-3371D360498E}.Release|Any CPU.Build.0 = Release|Any CPU
		{3D8D5A64-4027-4BCC-93EA-169AB03C53D0}.Debug|Any CPU.ActiveCfg = Debug|Any CPU
		{3D8D5A64-4027-4BCC-93EA-169AB03C53D0}.Debug|Any CPU.Build.0 = Debug|Any CPU
		{3D8D5A64-4027-4BCC-93EA-169AB03C53D0}.Release|Any CPU.ActiveCfg = Release|Any CPU
		{3D8D5A64-4027-4BCC-93EA-169AB03C53D0}.Release|Any CPU.Build.0 = Release|Any CPU
		{900F3B74-7582-42D6-A712-FD44550CE85C}.Debug|Any CPU.ActiveCfg = Debug|Any CPU
		{900F3B74-7582-42D6-A712-FD44550CE85C}.Debug|Any CPU.Build.0 = Debug|Any CPU
		{900F3B74-7582-42D6-A712-FD44550CE85C}.Release|Any CPU.ActiveCfg = Release|Any CPU
		{900F3B74-7582-42D6-A712-FD44550CE85C}.Release|Any CPU.Build.0 = Release|Any CPU
		{40EB8AEA-5711-4328-936E-8EB751093AFE}.Debug|Any CPU.ActiveCfg = Debug|Any CPU
		{40EB8AEA-5711-4328-936E-8EB751093AFE}.Debug|Any CPU.Build.0 = Debug|Any CPU
		{40EB8AEA-5711-4328-936E-8EB751093AFE}.Release|Any CPU.ActiveCfg = Release|Any CPU
		{40EB8AEA-5711-4328-936E-8EB751093AFE}.Release|Any CPU.Build.0 = Release|Any CPU
	EndGlobalSection
	GlobalSection(NestedProjects) = preSolution
		{E1309E25-2670-484B-851B-28DFBD6A1D77} = {A3BAB651-5FC9-4465-A539-E51EE48AE86F}
		{031A1FB9-F1A9-4DDD-B59C-E514A346827B} = {F2BAACAA-FB16-435C-AC61-604496929262}
		{71438DB4-D731-4A49-A06E-3371D360498E} = {F013406A-27D4-465B-9ADD-A222728DE9E7}
		{3D8D5A64-4027-4BCC-93EA-169AB03C53D0} = {F013406A-27D4-465B-9ADD-A222728DE9E7}
		{900F3B74-7582-42D6-A712-FD44550CE85C} = {F2BAACAA-FB16-435C-AC61-604496929262}
		{40EB8AEA-5711-4328-936E-8EB751093AFE} = {F2BAACAA-FB16-435C-AC61-604496929262}
	EndGlobalSection
EndGlobal
